
Microsoft Visual Studio Solution File, Format Version 12.00
# Visual Studio Version 17
VisualStudioVersion = 17.2.32602.215
MinimumVisualStudioVersion = 10.0.40219.1
Project("{FAE04EC0-301F-11D3-BF4B-00C04F79EFBC}") = "Sprint 2 Falcão", "Sprint 2 Falcão\Sprint 2 Falcão.csproj", "{8BA638FE-8C3A-4CF5-BD11-B774317ED1A6}"
EndProject
Global
	GlobalSection(SolutionConfigurationPlatforms) = preSolution
		Debug|Any CPU = Debug|Any CPU
		Release|Any CPU = Release|Any CPU
	EndGlobalSection
	GlobalSection(ProjectConfigurationPlatforms) = postSolution
		{8BA638FE-8C3A-4CF5-BD11-B774317ED1A6}.Debug|Any CPU.ActiveCfg = Debug|Any CPU
		{8BA638FE-8C3A-4CF5-BD11-B774317ED1A6}.Debug|Any CPU.Build.0 = Debug|Any CPU
		{8BA638FE-8C3A-4CF5-BD11-B774317ED1A6}.Release|Any CPU.ActiveCfg = Release|Any CPU
		{8BA638FE-8C3A-4CF5-BD11-B774317ED1A6}.Release|Any CPU.Build.0 = Release|Any CPU
	EndGlobalSection
	GlobalSection(SolutionProperties) = preSolution
		HideSolutionNode = FALSE
	EndGlobalSection
	GlobalSection(ExtensibilityGlobals) = postSolution
		SolutionGuid = {C23E56B8-8F0D-45ED-AC32-E40383F5F03A}
	EndGlobalSection
EndGlobal
